
Microsoft Visual Studio Solution File, Format Version 12.00
# Visual Studio 15
Project("{FAE04EC0-301F-11D3-BF4B-00C04F79EFBC}") = "MicroC", "MicroC\MicroC.csproj", "{CE6A776A-2AF6-4A68-8D50-A9D60E579867}"
EndProject
Global
	GlobalSection(SolutionConfigurationPlatforms) = preSolution
		Debug|Any CPU = Debug|Any CPU
		Release|Any CPU = Release|Any CPU
	EndGlobalSection
	GlobalSection(ProjectConfigurationPlatforms) = postSolution
		{CE6A776A-2AF6-4A68-8D50-A9D60E579867}.Debug|Any CPU.ActiveCfg = Debug|Any CPU
		{CE6A776A-2AF6-4A68-8D50-A9D60E579867}.Debug|Any CPU.Build.0 = Debug|Any CPU
		{CE6A776A-2AF6-4A68-8D50-A9D60E579867}.Release|Any CPU.ActiveCfg = Release|Any CPU
		{CE6A776A-2AF6-4A68-8D50-A9D60E579867}.Release|Any CPU.Build.0 = Release|Any CPU
	EndGlobalSection
EndGlobal
